
Microsoft Visual Studio Solution File, Format Version 12.00
# Visual Studio Version 16
VisualStudioVersion = 16.0.29920.165
MinimumVisualStudioVersion = 10.0.40219.1
Project("{2150E333-8FDC-42A3-9474-1A3956D46DE8}") = "Solution Items", "Solution Items", "{4439FD1A-BA6F-46A6-9CE3-B827B4FEF452}"
	ProjectSection(SolutionItems) = preProject
		.gitignore = .gitignore
		Developer.md = Developer.md
		README.md = README.md
	EndProjectSection
EndProject
Project("{2150E333-8FDC-42A3-9474-1A3956D46DE8}") = "pages", "pages", "{E2F973D9-DE05-4C65-A304-5FDA3208BF1A}"
	ProjectSection(SolutionItems) = preProject
		index.html = index.html
	EndProjectSection
EndProject
Project("{D954291E-2A0B-460D-934E-DC6B0785DB48}") = "resources", "resources\resources.shproj", "{C6F3B145-0E9F-4853-B591-137F2F48C29E}"
EndProject
Global
	GlobalSection(SharedMSBuildProjectFiles) = preSolution
		resources\resources.projitems*{c6f3b145-0e9f-4853-b591-137f2f48c29e}*SharedItemsImports = 13
	EndGlobalSection
	GlobalSection(SolutionProperties) = preSolution
		HideSolutionNode = FALSE
	EndGlobalSection
	GlobalSection(ExtensibilityGlobals) = postSolution
		SolutionGuid = {0A28C600-CD34-4D87-971B-E656C2E746E4}
	EndGlobalSection
EndGlobal
